# This file is automatically @generated by Cargo.
# It is not intended for manual editing.
version = 4

[[package]]
name = "jate"
version = "0.1.0"
dependencies = [
 "jate_lexer",
 "jate_parser",
]

[[package]]
name = "jate_lexer"
version = "0.1.0"

[[package]]
name = "jate_parser"
version = "0.1.0"
